
Microsoft Visual Studio Solution File, Format Version 12.00
# Visual Studio 15
VisualStudioVersion = 15.0.26430.6
MinimumVisualStudioVersion = 10.0.40219.1
Project("{54435603-DBB4-11D2-8724-00A0C9A8B90C}") = "RadJavVM", "RadJavVM\RadJavVM.vdproj", "{33594AF9-9454-4AF6-BE85-8F3AC6F8ED45}"
EndProject
Global
	GlobalSection(SolutionConfigurationPlatforms) = preSolution
		Debug|Default = Debug|Default
		Release|Default = Release|Default
	EndGlobalSection
	GlobalSection(ProjectConfigurationPlatforms) = postSolution
		{33594AF9-9454-4AF6-BE85-8F3AC6F8ED45}.Debug|Default.ActiveCfg = Debug
		{33594AF9-9454-4AF6-BE85-8F3AC6F8ED45}.Debug|Default.Build.0 = Debug
		{33594AF9-9454-4AF6-BE85-8F3AC6F8ED45}.Release|Default.ActiveCfg = Release
		{33594AF9-9454-4AF6-BE85-8F3AC6F8ED45}.Release|Default.Build.0 = Release
	EndGlobalSection
	GlobalSection(SolutionProperties) = preSolution
		HideSolutionNode = FALSE
	EndGlobalSection
EndGlobal
